// !$*UTF8*$!
{
	archiveVersion = 1;
	classes = {
	};
	objectVersion = 50;
	objects = {

/* Begin PBXBuildFile section */
		2A491C69273538B500AC2037 /* CupCollectionViewCell.swift in Sources */ = {isa = PBXBuildFile; fileRef = 2A491C68273538B500AC2037 /* CupCollectionViewCell.swift */; };
		2A70F5962730515600D88D37 /* MainViewController.swift in Sources */ = {isa = PBXBuildFile; fileRef = 2A70F5952730515600D88D37 /* MainViewController.swift */; };
		2A70F5982730537100D88D37 /* SummaryViewController.swift in Sources */ = {isa = PBXBuildFile; fileRef = 2A70F5972730537100D88D37 /* SummaryViewController.swift */; };
		2AA6E7FB272B2E15004A08B0 /* AppDelegate.swift in Sources */ = {isa = PBXBuildFile; fileRef = 2AA6E7FA272B2E15004A08B0 /* AppDelegate.swift */; };
		2AA6E7FD272B2E15004A08B0 /* SceneDelegate.swift in Sources */ = {isa = PBXBuildFile; fileRef = 2AA6E7FC272B2E15004A08B0 /* SceneDelegate.swift */; };
		2AA6E7FF272B2E15004A08B0 /* ViewController.swift in Sources */ = {isa = PBXBuildFile; fileRef = 2AA6E7FE272B2E15004A08B0 /* ViewController.swift */; };
		2AA6E805272B2E15004A08B0 /* Slow.xcdatamodeld in Sources */ = {isa = PBXBuildFile; fileRef = 2AA6E803272B2E15004A08B0 /* Slow.xcdatamodeld */; };
		2AA6E807272B2E18004A08B0 /* Assets.xcassets in Resources */ = {isa = PBXBuildFile; fileRef = 2AA6E806272B2E18004A08B0 /* Assets.xcassets */; };
		2AA6E80A272B2E18004A08B0 /* LaunchScreen.storyboard in Resources */ = {isa = PBXBuildFile; fileRef = 2AA6E808272B2E18004A08B0 /* LaunchScreen.storyboard */; };
/* End PBXBuildFile section */

/* Begin PBXFileReference section */
		2A491C68273538B500AC2037 /* CupCollectionViewCell.swift */ = {isa = PBXFileReference; lastKnownFileType = sourcecode.swift; path = CupCollectionViewCell.swift; sourceTree = "<group>"; };
		2A70F5952730515600D88D37 /* MainViewController.swift */ = {isa = PBXFileReference; lastKnownFileType = sourcecode.swift; path = MainViewController.swift; sourceTree = "<group>"; };
		2A70F5972730537100D88D37 /* SummaryViewController.swift */ = {isa = PBXFileReference; lastKnownFileType = sourcecode.swift; path = SummaryViewController.swift; sourceTree = "<group>"; };
		2AA6E7F7272B2E15004A08B0 /* Slow.app */ = {isa = PBXFileReference; explicitFileType = wrapper.application; includeInIndex = 0; path = Slow.app; sourceTree = BUILT_PRODUCTS_DIR; };
		2AA6E7FA272B2E15004A08B0 /* AppDelegate.swift */ = {isa = PBXFileReference; lastKnownFileType = sourcecode.swift; path = AppDelegate.swift; sourceTree = "<group>"; };
		2AA6E7FC272B2E15004A08B0 /* SceneDelegate.swift */ = {isa = PBXFileReference; lastKnownFileType = sourcecode.swift; path = SceneDelegate.swift; sourceTree = "<group>"; };
		2AA6E7FE272B2E15004A08B0 /* ViewController.swift */ = {isa = PBXFileReference; lastKnownFileType = sourcecode.swift; path = ViewController.swift; sourceTree = "<group>"; };
		2AA6E804272B2E15004A08B0 /* Slow.xcdatamodel */ = {isa = PBXFileReference; lastKnownFileType = wrapper.xcdatamodel; path = Slow.xcdatamodel; sourceTree = "<group>"; };
		2AA6E806272B2E18004A08B0 /* Assets.xcassets */ = {isa = PBXFileReference; lastKnownFileType = folder.assetcatalog; path = Assets.xcassets; sourceTree = "<group>"; };
		2AA6E809272B2E18004A08B0 /* Base */ = {isa = PBXFileReference; lastKnownFileType = file.storyboard; name = Base; path = Base.lproj/LaunchScreen.storyboard; sourceTree = "<group>"; };
		2AA6E80B272B2E18004A08B0 /* Info.plist */ = {isa = PBXFileReference; lastKnownFileType = text.plist.xml; path = Info.plist; sourceTree = "<group>"; };
/* End PBXFileReference section */

/* Begin PBXFrameworksBuildPhase section */
		2AA6E7F4272B2E15004A08B0 /* Frameworks */ = {
			isa = PBXFrameworksBuildPhase;
			buildActionMask = 2147483647;
			files = (
			);
			runOnlyForDeploymentPostprocessing = 0;
		};
/* End PBXFrameworksBuildPhase section */

/* Begin PBXGroup section */
		2A491C6A273538E000AC2037 /* Summary */ = {
			isa = PBXGroup;
			children = (
				2A491C68273538B500AC2037 /* CupCollectionViewCell.swift */,
				2A70F5972730537100D88D37 /* SummaryViewController.swift */,
			);
			path = Summary;
			sourceTree = "<group>";
		};
		2AA6E7EE272B2E15004A08B0 = {
			isa = PBXGroup;
			children = (
				2AA6E7F9272B2E15004A08B0 /* Slow */,
				2AA6E7F8272B2E15004A08B0 /* Products */,
			);
			sourceTree = "<group>";
		};
		2AA6E7F8272B2E15004A08B0 /* Products */ = {
			isa = PBXGroup;
			children = (
				2AA6E7F7272B2E15004A08B0 /* Slow.app */,
			);
			name = Products;
			sourceTree = "<group>";
		};
		2AA6E7F9272B2E15004A08B0 /* Slow */ = {
			isa = PBXGroup;
			children = (
				2AA6E7FA272B2E15004A08B0 /* AppDelegate.swift */,
				2AA6E7FC272B2E15004A08B0 /* SceneDelegate.swift */,
				2AA6E7FE272B2E15004A08B0 /* ViewController.swift */,
				2A70F5952730515600D88D37 /* MainViewController.swift */,
				2A491C6A273538E000AC2037 /* Summary */,
				2AA6E806272B2E18004A08B0 /* Assets.xcassets */,
				2AA6E808272B2E18004A08B0 /* LaunchScreen.storyboard */,
				2AA6E80B272B2E18004A08B0 /* Info.plist */,
				2AA6E803272B2E15004A08B0 /* Slow.xcdatamodeld */,
			);
			path = Slow;
			sourceTree = "<group>";
		};
/* End PBXGroup section */

/* Begin PBXNativeTarget section */
		2AA6E7F6272B2E15004A08B0 /* Slow */ = {
			isa = PBXNativeTarget;
			buildConfigurationList = 2AA6E80E272B2E18004A08B0 /* Build configuration list for PBXNativeTarget "Slow" */;
			buildPhases = (
				2AA6E7F3272B2E15004A08B0 /* Sources */,
				2AA6E7F4272B2E15004A08B0 /* Frameworks */,
				2AA6E7F5272B2E15004A08B0 /* Resources */,
			);
			buildRules = (
			);
			dependencies = (
			);
			name = Slow;
			productName = Slow;
			productReference = 2AA6E7F7272B2E15004A08B0 /* Slow.app */;
			productType = "com.apple.product-type.application";
		};
/* End PBXNativeTarget section */

/* Begin PBXProject section */
		2AA6E7EF272B2E15004A08B0 /* Project object */ = {
			isa = PBXProject;
			attributes = {
				LastSwiftUpdateCheck = 1250;
				LastUpgradeCheck = 1250;
				TargetAttributes = {
					2AA6E7F6272B2E15004A08B0 = {
						CreatedOnToolsVersion = 12.5.1;
					};
				};
			};
			buildConfigurationList = 2AA6E7F2272B2E15004A08B0 /* Build configuration list for PBXProject "Slow" */;
			compatibilityVersion = "Xcode 9.3";
			developmentRegion = en;
			hasScannedForEncodings = 0;
			knownRegions = (
				en,
				Base,
			);
			mainGroup = 2AA6E7EE272B2E15004A08B0;
			productRefGroup = 2AA6E7F8272B2E15004A08B0 /* Products */;
			projectDirPath = "";
			projectRoot = "";
			targets = (
				2AA6E7F6272B2E15004A08B0 /* Slow */,
			);
		};
/* End PBXProject section */

/* Begin PBXResourcesBuildPhase section */
		2AA6E7F5272B2E15004A08B0 /* Resources */ = {
			isa = PBXResourcesBuildPhase;
			buildActionMask = 2147483647;
			files = (
				2AA6E80A272B2E18004A08B0 /* LaunchScreen.storyboard in Resources */,
				2AA6E807272B2E18004A08B0 /* Assets.xcassets in Resources */,
			);
			runOnlyForDeploymentPostprocessing = 0;
		};
/* End PBXResourcesBuildPhase section */

/* Begin PBXSourcesBuildPhase section */
		2AA6E7F3272B2E15004A08B0 /* Sources */ = {
			isa = PBXSourcesBuildPhase;
			buildActionMask = 2147483647;
			files = (
				2AA6E7FF272B2E15004A08B0 /* ViewController.swift in Sources */,
				2AA6E7FB272B2E15004A08B0 /* AppDelegate.swift in Sources */,
				2AA6E805272B2E15004A08B0 /* Slow.xcdatamodeld in Sources */,
				2A491C69273538B500AC2037 /* CupCollectionViewCell.swift in Sources */,
				2AA6E7FD272B2E15004A08B0 /* SceneDelegate.swift in Sources */,
				2A70F5962730515600D88D37 /* MainViewController.swift in Sources */,
				2A70F5982730537100D88D37 /* SummaryViewController.swift in Sources */,
			);
			runOnlyForDeploymentPostprocessing = 0;
		};
/* End PBXSourcesBuildPhase section */

/* Begin PBXVariantGroup section */
		2AA6E808272B2E18004A08B0 /* LaunchScreen.storyboard */ = {
			isa = PBXVariantGroup;
			children = (
				2AA6E809272B2E18004A08B0 /* Base */,
			);
			name = LaunchScreen.storyboard;
			sourceTree = "<group>";
		};
/* End PBXVariantGroup section */

/* Begin XCBuildConfiguration section */
		2AA6E80C272B2E18004A08B0 /* Debug */ = {
			isa = XCBuildConfiguration;
			buildSettings = {
				ALWAYS_SEARCH_USER_PATHS = NO;
				CLANG_ANALYZER_NONNULL = YES;
				CLANG_ANALYZER_NUMBER_OBJECT_CONVERSION = YES_AGGRESSIVE;
				CLANG_CXX_LANGUAGE_STANDARD = "gnu++14";
				CLANG_CXX_LIBRARY = "libc++";
				CLANG_ENABLE_MODULES = YES;
				CLANG_ENABLE_OBJC_ARC = YES;
				CLANG_ENABLE_OBJC_WEAK = YES;
				CLANG_WARN_BLOCK_CAPTURE_AUTORELEASING = YES;
				CLANG_WARN_BOOL_CONVERSION = YES;
				CLANG_WARN_COMMA = YES;
				CLANG_WARN_CONSTANT_CONVERSION = YES;
				CLANG_WARN_DEPRECATED_OBJC_IMPLEMENTATIONS = YES;
				CLANG_WARN_DIRECT_OBJC_ISA_USAGE = YES_ERROR;
				CLANG_WARN_DOCUMENTATION_COMMENTS = YES;
				CLANG_WARN_EMPTY_BODY = YES;
				CLANG_WARN_ENUM_CONVERSION = YES;
				CLANG_WARN_INFINITE_RECURSION = YES;
				CLANG_WARN_INT_CONVERSION = YES;
				CLANG_WARN_NON_LITERAL_NULL_CONVERSION = YES;
				CLANG_WARN_OBJC_IMPLICIT_RETAIN_SELF = YES;
				CLANG_WARN_OBJC_LITERAL_CONVERSION = YES;
				CLANG_WARN_OBJC_ROOT_CLASS = YES_ERROR;
				CLANG_WARN_QUOTED_INCLUDE_IN_FRAMEWORK_HEADER = YES;
				CLANG_WARN_RANGE_LOOP_ANALYSIS = YES;
				CLANG_WARN_STRICT_PROTOTYPES = YES;
				CLANG_WARN_SUSPICIOUS_MOVE = YES;
				CLANG_WARN_UNGUARDED_AVAILABILITY = YES_AGGRESSIVE;
				CLANG_WARN_UNREACHABLE_CODE = YES;
				CLANG_WARN__DUPLICATE_METHOD_MATCH = YES;
				COPY_PHASE_STRIP = NO;
				DEBUG_INFORMATION_FORMAT = dwarf;
				ENABLE_STRICT_OBJC_MSGSEND = YES;
				ENABLE_TESTABILITY = YES;
				GCC_C_LANGUAGE_STANDARD = gnu11;
				GCC_DYNAMIC_NO_PIC = NO;
				GCC_NO_COMMON_BLOCKS = YES;
				GCC_OPTIMIZATION_LEVEL = 0;
				GCC_PREPROCESSOR_DEFINITIONS = (
					"DEBUG=1",
					"$(inherited)",
				);
				GCC_WARN_64_TO_32_BIT_CONVERSION = YES;
				GCC_WARN_ABOUT_RETURN_TYPE = YES_ERROR;
				GCC_WARN_UNDECLARED_SELECTOR = YES;
				GCC_WARN_UNINITIALIZED_AUTOS = YES_AGGRESSIVE;
				GCC_WARN_UNUSED_FUNCTION = YES;
				GCC_WARN_UNUSED_VARIABLE = YES;
				IPHONEOS_DEPLOYMENT_TARGET = 14.5;
				MTL_ENABLE_DEBUG_INFO = INCLUDE_SOURCE;
				MTL_FAST_MATH = YES;
				ONLY_ACTIVE_ARCH = YES;
				SDKROOT = iphoneos;
				SWIFT_ACTIVE_COMPILATION_CONDITIONS = DEBUG;
				SWIFT_OPTIMIZATION_LEVEL = "-Onone";
			};
			name = Debug;
		};
		2AA6E80D272B2E18004A08B0 /* Release */ = {
			isa = XCBuildConfiguration;
			buildSettings = {
				ALWAYS_SEARCH_USER_PATHS = NO;
				CLANG_ANALYZER_NONNULL = YES;
				CLANG_ANALYZER_NUMBER_OBJECT_CONVERSION = YES_AGGRESSIVE;
				CLANG_CXX_LANGUAGE_STANDARD = "gnu++14";
				CLANG_CXX_LIBRARY = "libc++";
				CLANG_ENABLE_MODULES = YES;
				CLANG_ENABLE_OBJC_ARC = YES;
				CLANG_ENABLE_OBJC_WEAK = YES;
				CLANG_WARN_BLOCK_CAPTURE_AUTORELEASING = YES;
				CLANG_WARN_BOOL_CONVERSION = YES;
				CLANG_WARN_COMMA = YES;
				CLANG_WARN_CONSTANT_CONVERSION = YES;
				CLANG_WARN_DEPRECATED_OBJC_IMPLEMENTATIONS = YES;
				CLANG_WARN_DIRECT_OBJC_ISA_USAGE = YES_ERROR;
				CLANG_WARN_DOCUMENTATION_COMMENTS = YES;
				CLANG_WARN_EMPTY_BODY = YES;
				CLANG_WARN_ENUM_CONVERSION = YES;
				CLANG_WARN_INFINITE_RECURSION = YES;
				CLANG_WARN_INT_CONVERSION = YES;
				CLANG_WARN_NON_LITERAL_NULL_CONVERSION = YES;
				CLANG_WARN_OBJC_IMPLICIT_RETAIN_SELF = YES;
				CLANG_WARN_OBJC_LITERAL_CONVERSION = YES;
				CLANG_WARN_OBJC_ROOT_CLASS = YES_ERROR;
				CLANG_WARN_QUOTED_INCLUDE_IN_FRAMEWORK_HEADER = YES;
				CLANG_WARN_RANGE_LOOP_ANALYSIS = YES;
				CLANG_WARN_STRICT_PROTOTYPES = YES;
				CLANG_WARN_SUSPICIOUS_MOVE = YES;
				CLANG_WARN_UNGUARDED_AVAILABILITY = YES_AGGRESSIVE;
				CLANG_WARN_UNREACHABLE_CODE = YES;
				CLANG_WARN__DUPLICATE_METHOD_MATCH = YES;
				COPY_PHASE_STRIP = NO;
				DEBUG_INFORMATION_FORMAT = "dwarf-with-dsym";
				ENABLE_NS_ASSERTIONS = NO;
				ENABLE_STRICT_OBJC_MSGSEND = YES;
				GCC_C_LANGUAGE_STANDARD = gnu11;
				GCC_NO_COMMON_BLOCKS = YES;
				GCC_WARN_64_TO_32_BIT_CONVERSION = YES;
				GCC_WARN_ABOUT_RETURN_TYPE = YES_ERROR;
				GCC_WARN_UNDECLARED_SELECTOR = YES;
				GCC_WARN_UNINITIALIZED_AUTOS = YES_AGGRESSIVE;
				GCC_WARN_UNUSED_FUNCTION = YES;
				GCC_WARN_UNUSED_VARIABLE = YES;
				IPHONEOS_DEPLOYMENT_TARGET = 14.5;
				MTL_ENABLE_DEBUG_INFO = NO;
				MTL_FAST_MATH = YES;
				SDKROOT = iphoneos;
				SWIFT_COMPILATION_MODE = wholemodule;
				SWIFT_OPTIMIZATION_LEVEL = "-O";
				VALIDATE_PRODUCT = YES;
			};
			name = Release;
		};
		2AA6E80F272B2E18004A08B0 /* Debug */ = {
			isa = XCBuildConfiguration;
			buildSettings = {
				ASSETCATALOG_COMPILER_APPICON_NAME = AppIcon;
				ASSETCATALOG_COMPILER_GLOBAL_ACCENT_COLOR_NAME = AccentColor;
				CODE_SIGN_STYLE = Automatic;
				INFOPLIST_FILE = Slow/Info.plist;
				LD_RUNPATH_SEARCH_PATHS = (
					"$(inherited)",
					"@executable_path/Frameworks",
				);
				PRODUCT_BUNDLE_IDENTIFIER = SlowTeam.Slow;
				PRODUCT_NAME = "$(TARGET_NAME)";
				SWIFT_VERSION = 5.0;
				TARGETED_DEVICE_FAMILY = "1,2";
			};
			name = Debug;
		};
		2AA6E810272B2E18004A08B0 /* Release */ = {
			isa = XCBuildConfiguration;
			buildSettings = {
				ASSETCATALOG_COMPILER_APPICON_NAME = AppIcon;
				ASSETCATALOG_COMPILER_GLOBAL_ACCENT_COLOR_NAME = AccentColor;
				CODE_SIGN_STYLE = Automatic;
				INFOPLIST_FILE = Slow/Info.plist;
				LD_RUNPATH_SEARCH_PATHS = (
					"$(inherited)",
					"@executable_path/Frameworks",
				);
				PRODUCT_BUNDLE_IDENTIFIER = SlowTeam.Slow;
				PRODUCT_NAME = "$(TARGET_NAME)";
				SWIFT_VERSION = 5.0;
				TARGETED_DEVICE_FAMILY = "1,2";
			};
			name = Release;
		};
/* End XCBuildConfiguration section */

/* Begin XCConfigurationList section */
		2AA6E7F2272B2E15004A08B0 /* Build configuration list for PBXProject "Slow" */ = {
			isa = XCConfigurationList;
			buildConfigurations = (
				2AA6E80C272B2E18004A08B0 /* Debug */,
				2AA6E80D272B2E18004A08B0 /* Release */,
			);
			defaultConfigurationIsVisible = 0;
			defaultConfigurationName = Release;
		};
		2AA6E80E272B2E18004A08B0 /* Build configuration list for PBXNativeTarget "Slow" */ = {
			isa = XCConfigurationList;
			buildConfigurations = (
				2AA6E80F272B2E18004A08B0 /* Debug */,
				2AA6E810272B2E18004A08B0 /* Release */,
			);
			defaultConfigurationIsVisible = 0;
			defaultConfigurationName = Release;
		};
/* End XCConfigurationList section */

/* Begin XCVersionGroup section */
		2AA6E803272B2E15004A08B0 /* Slow.xcdatamodeld */ = {
			isa = XCVersionGroup;
			children = (
				2AA6E804272B2E15004A08B0 /* Slow.xcdatamodel */,
			);
			currentVersion = 2AA6E804272B2E15004A08B0 /* Slow.xcdatamodel */;
			path = Slow.xcdatamodeld;
			sourceTree = "<group>";
			versionGroupType = wrapper.xcdatamodel;
		};
/* End XCVersionGroup section */
	};
	rootObject = 2AA6E7EF272B2E15004A08B0 /* Project object */;
}
